
Microsoft Visual Studio Solution File, Format Version 12.00
# Visual Studio 14
VisualStudioVersion = 14.0.25420.1
MinimumVisualStudioVersion = 10.0.40219.1
Project("{FAE04EC0-301F-11D3-BF4B-00C04F79EFBC}") = "Models", "Models\Models.csproj", "{69616663-6D2E-440C-838B-E78421F231E7}"
EndProject
Project("{FAE04EC0-301F-11D3-BF4B-00C04F79EFBC}") = "Data", "Data\Data.csproj", "{2AB6DD57-5BA4-45A9-BBB8-5046B6E8D1D7}"
EndProject
Project("{FAE04EC0-301F-11D3-BF4B-00C04F79EFBC}") = "Services", "Services\Services.csproj", "{C60E4D40-87ED-4E8C-A117-A263FA1C81B6}"
EndProject
Project("{FAE04EC0-301F-11D3-BF4B-00C04F79EFBC}") = "Client", "Client\Client.csproj", "{46A80004-B729-4E38-A039-752AC14EC0BF}"
EndProject
Global
	GlobalSection(SolutionConfigurationPlatforms) = preSolution
		Debug|Any CPU = Debug|Any CPU
		Release|Any CPU = Release|Any CPU
	EndGlobalSection
	GlobalSection(ProjectConfigurationPlatforms) = postSolution
		{69616663-6D2E-440C-838B-E78421F231E7}.Debug|Any CPU.ActiveCfg = Debug|Any CPU
		{69616663-6D2E-440C-838B-E78421F231E7}.Debug|Any CPU.Build.0 = Debug|Any CPU
		{69616663-6D2E-440C-838B-E78421F231E7}.Release|Any CPU.ActiveCfg = Release|Any CPU
		{69616663-6D2E-440C-838B-E78421F231E7}.Release|Any CPU.Build.0 = Release|Any CPU
		{2AB6DD57-5BA4-45A9-BBB8-5046B6E8D1D7}.Debug|Any CPU.ActiveCfg = Debug|Any CPU
		{2AB6DD57-5BA4-45A9-BBB8-5046B6E8D1D7}.Debug|Any CPU.Build.0 = Debug|Any CPU
		{2AB6DD57-5BA4-45A9-BBB8-5046B6E8D1D7}.Release|Any CPU.ActiveCfg = Release|Any CPU
		{2AB6DD57-5BA4-45A9-BBB8-5046B6E8D1D7}.Release|Any CPU.Build.0 = Release|Any CPU
		{C60E4D40-87ED-4E8C-A117-A263FA1C81B6}.Debug|Any CPU.ActiveCfg = Debug|Any CPU
		{C60E4D40-87ED-4E8C-A117-A263FA1C81B6}.Debug|Any CPU.Build.0 = Debug|Any CPU
		{C60E4D40-87ED-4E8C-A117-A263FA1C81B6}.Release|Any CPU.ActiveCfg = Release|Any CPU
		{C60E4D40-87ED-4E8C-A117-A263FA1C81B6}.Release|Any CPU.Build.0 = Release|Any CPU
		{46A80004-B729-4E38-A039-752AC14EC0BF}.Debug|Any CPU.ActiveCfg = Debug|Any CPU
		{46A80004-B729-4E38-A039-752AC14EC0BF}.Debug|Any CPU.Build.0 = Debug|Any CPU
		{46A80004-B729-4E38-A039-752AC14EC0BF}.Release|Any CPU.ActiveCfg = Release|Any CPU
		{46A80004-B729-4E38-A039-752AC14EC0BF}.Release|Any CPU.Build.0 = Release|Any CPU
	EndGlobalSection
	GlobalSection(SolutionProperties) = preSolution
		HideSolutionNode = FALSE
	EndGlobalSection
EndGlobal
