
Microsoft Visual Studio Solution File, Format Version 12.00
# Visual Studio 14
VisualStudioVersion = 14.0.25420.1
MinimumVisualStudioVersion = 10.0.40219.1
Project("{FAE04EC0-301F-11D3-BF4B-00C04F79EFBC}") = "TeamBuilder.Models", "TeamBuilder.Models\TeamBuilder.Models.csproj", "{7A9FDC08-BCA9-490F-8D0A-237990117BC2}"
EndProject
Project("{FAE04EC0-301F-11D3-BF4B-00C04F79EFBC}") = "TeamBuilder.Data", "TeamBuilder.Data\TeamBuilder.Data.csproj", "{133CF09B-2C91-46F8-A892-B98D8F12E6F1}"
EndProject
Project("{FAE04EC0-301F-11D3-BF4B-00C04F79EFBC}") = "TeamBuilder.App", "TeamBuilder.App\TeamBuilder.App.csproj", "{A24DC617-3E6D-4FD7-931A-1828E00413E1}"
EndProject
Global
	GlobalSection(SolutionConfigurationPlatforms) = preSolution
		Debug|Any CPU = Debug|Any CPU
		Release|Any CPU = Release|Any CPU
	EndGlobalSection
	GlobalSection(ProjectConfigurationPlatforms) = postSolution
		{7A9FDC08-BCA9-490F-8D0A-237990117BC2}.Debug|Any CPU.ActiveCfg = Debug|Any CPU
		{7A9FDC08-BCA9-490F-8D0A-237990117BC2}.Debug|Any CPU.Build.0 = Debug|Any CPU
		{7A9FDC08-BCA9-490F-8D0A-237990117BC2}.Release|Any CPU.ActiveCfg = Release|Any CPU
		{7A9FDC08-BCA9-490F-8D0A-237990117BC2}.Release|Any CPU.Build.0 = Release|Any CPU
		{133CF09B-2C91-46F8-A892-B98D8F12E6F1}.Debug|Any CPU.ActiveCfg = Debug|Any CPU
		{133CF09B-2C91-46F8-A892-B98D8F12E6F1}.Debug|Any CPU.Build.0 = Debug|Any CPU
		{133CF09B-2C91-46F8-A892-B98D8F12E6F1}.Release|Any CPU.ActiveCfg = Release|Any CPU
		{133CF09B-2C91-46F8-A892-B98D8F12E6F1}.Release|Any CPU.Build.0 = Release|Any CPU
		{A24DC617-3E6D-4FD7-931A-1828E00413E1}.Debug|Any CPU.ActiveCfg = Debug|Any CPU
		{A24DC617-3E6D-4FD7-931A-1828E00413E1}.Debug|Any CPU.Build.0 = Debug|Any CPU
		{A24DC617-3E6D-4FD7-931A-1828E00413E1}.Release|Any CPU.ActiveCfg = Release|Any CPU
		{A24DC617-3E6D-4FD7-931A-1828E00413E1}.Release|Any CPU.Build.0 = Release|Any CPU
	EndGlobalSection
	GlobalSection(SolutionProperties) = preSolution
		HideSolutionNode = FALSE
	EndGlobalSection
EndGlobal
