
Microsoft Visual Studio Solution File, Format Version 12.00
# Visual Studio 14
VisualStudioVersion = 14.0.25420.1
MinimumVisualStudioVersion = 10.0.40219.1
Project("{FAE04EC0-301F-11D3-BF4B-00C04F79EFBC}") = "Photography.Models", "Photography.Models\Photography.Models.csproj", "{62E67DB7-F570-4895-8702-58A5E6653BD4}"
EndProject
Project("{FAE04EC0-301F-11D3-BF4B-00C04F79EFBC}") = "Photography.Data", "Photography.Data\Photography.Data.csproj", "{404CA25D-F3DF-45DE-9EAE-E3B6F9D33894}"
EndProject
Project("{FAE04EC0-301F-11D3-BF4B-00C04F79EFBC}") = "Photography.Client", "Photography.Client\Photography.Client.csproj", "{B0B98A7A-0D1A-4667-8049-AC60E2678F2A}"
EndProject
Project("{FAE04EC0-301F-11D3-BF4B-00C04F79EFBC}") = "Photography.Import", "Photography.Import\Photography.Import.csproj", "{010002BE-BDAD-4181-AB03-78B689642B5B}"
EndProject
Project("{FAE04EC0-301F-11D3-BF4B-00C04F79EFBC}") = "Photography.Export", "Photography.Export\Photography.Export.csproj", "{424B6281-E32F-44DD-BA78-BB35A342A687}"
EndProject
Global
	GlobalSection(SolutionConfigurationPlatforms) = preSolution
		Debug|Any CPU = Debug|Any CPU
		Release|Any CPU = Release|Any CPU
	EndGlobalSection
	GlobalSection(ProjectConfigurationPlatforms) = postSolution
		{62E67DB7-F570-4895-8702-58A5E6653BD4}.Debug|Any CPU.ActiveCfg = Debug|Any CPU
		{62E67DB7-F570-4895-8702-58A5E6653BD4}.Debug|Any CPU.Build.0 = Debug|Any CPU
		{62E67DB7-F570-4895-8702-58A5E6653BD4}.Release|Any CPU.ActiveCfg = Release|Any CPU
		{62E67DB7-F570-4895-8702-58A5E6653BD4}.Release|Any CPU.Build.0 = Release|Any CPU
		{404CA25D-F3DF-45DE-9EAE-E3B6F9D33894}.Debug|Any CPU.ActiveCfg = Debug|Any CPU
		{404CA25D-F3DF-45DE-9EAE-E3B6F9D33894}.Debug|Any CPU.Build.0 = Debug|Any CPU
		{404CA25D-F3DF-45DE-9EAE-E3B6F9D33894}.Release|Any CPU.ActiveCfg = Release|Any CPU
		{404CA25D-F3DF-45DE-9EAE-E3B6F9D33894}.Release|Any CPU.Build.0 = Release|Any CPU
		{B0B98A7A-0D1A-4667-8049-AC60E2678F2A}.Debug|Any CPU.ActiveCfg = Debug|Any CPU
		{B0B98A7A-0D1A-4667-8049-AC60E2678F2A}.Debug|Any CPU.Build.0 = Debug|Any CPU
		{B0B98A7A-0D1A-4667-8049-AC60E2678F2A}.Release|Any CPU.ActiveCfg = Release|Any CPU
		{B0B98A7A-0D1A-4667-8049-AC60E2678F2A}.Release|Any CPU.Build.0 = Release|Any CPU
		{010002BE-BDAD-4181-AB03-78B689642B5B}.Debug|Any CPU.ActiveCfg = Debug|Any CPU
		{010002BE-BDAD-4181-AB03-78B689642B5B}.Debug|Any CPU.Build.0 = Debug|Any CPU
		{010002BE-BDAD-4181-AB03-78B689642B5B}.Release|Any CPU.ActiveCfg = Release|Any CPU
		{010002BE-BDAD-4181-AB03-78B689642B5B}.Release|Any CPU.Build.0 = Release|Any CPU
		{424B6281-E32F-44DD-BA78-BB35A342A687}.Debug|Any CPU.ActiveCfg = Debug|Any CPU
		{424B6281-E32F-44DD-BA78-BB35A342A687}.Debug|Any CPU.Build.0 = Debug|Any CPU
		{424B6281-E32F-44DD-BA78-BB35A342A687}.Release|Any CPU.ActiveCfg = Release|Any CPU
		{424B6281-E32F-44DD-BA78-BB35A342A687}.Release|Any CPU.Build.0 = Release|Any CPU
	EndGlobalSection
	GlobalSection(SolutionProperties) = preSolution
		HideSolutionNode = FALSE
	EndGlobalSection
EndGlobal
